
Microsoft Visual Studio Solution File, Format Version 12.00
# Visual Studio Version 17
VisualStudioVersion = 17.7.34024.191
MinimumVisualStudioVersion = 10.0.40219.1
Project("{FAE04EC0-301F-11D3-BF4B-00C04F79EFBC}") = "MiniProject_API", "MiniProject_API\MiniProject_API.csproj", "{373141CE-CA59-4AE2-864B-C2458B5B85B0}"
EndProject
Global
	GlobalSection(SolutionConfigurationPlatforms) = preSolution
		Debug|Any CPU = Debug|Any CPU
		Release|Any CPU = Release|Any CPU
	EndGlobalSection
	GlobalSection(ProjectConfigurationPlatforms) = postSolution
		{373141CE-CA59-4AE2-864B-C2458B5B85B0}.Debug|Any CPU.ActiveCfg = Debug|Any CPU
		{373141CE-CA59-4AE2-864B-C2458B5B85B0}.Debug|Any CPU.Build.0 = Debug|Any CPU
		{373141CE-CA59-4AE2-864B-C2458B5B85B0}.Release|Any CPU.ActiveCfg = Release|Any CPU
		{373141CE-CA59-4AE2-864B-C2458B5B85B0}.Release|Any CPU.Build.0 = Release|Any CPU
	EndGlobalSection
	GlobalSection(SolutionProperties) = preSolution
		HideSolutionNode = FALSE
	EndGlobalSection
	GlobalSection(ExtensibilityGlobals) = postSolution
		SolutionGuid = {A391B257-84A3-4477-95B2-3F9849FC1C92}
	EndGlobalSection
EndGlobal
